# Add Python runtime/build/test dependencies only from a reviewed lock operation.
# Every non-comment requirement must use == and include --hash=sha256:...
PyYAML==6.0.3 --hash=sha256:10892704fc220243f5305762e276552a0395f7beb4dbf9b14ec8fd43b57f126c --hash=sha256:d76623373421df22fb4cf8817020cbb7ef15c725b9d5e45f17e189bfc384190f
